
Microsoft Visual Studio Solution File, Format Version 12.00
# Visual Studio Version 16
VisualStudioVersion = 16.0.31129.286
MinimumVisualStudioVersion = 10.0.40219.1
Project("{8BC9CEB8-8B4A-11D0-8D11-00A0C91BC942}") = "MeshEditor", "MeshEditor\MeshEditor.vcxproj", "{3C770D06-ACFB-46A0-918C-7331BF58E227}"
EndProject
Project("{8BC9CEB8-8B4A-11D0-8D11-00A0C91BC942}") = "RenderSystem", "RenderSystem\RenderSystem.vcxproj", "{87421FCA-792F-47BA-998A-7A041A3079B8}"
EndProject
Project("{8BC9CEB8-8B4A-11D0-8D11-00A0C91BC942}") = "BaseUtility", "BaseUtility\BaseUtility.vcxproj", "{65B2B36F-A237-4404-9A85-08B0C69D8504}"
EndProject
Project("{8BC9CEB8-8B4A-11D0-8D11-00A0C91BC942}") = "MeshFilesLoader", "MeshFilesLoader\MeshFilesLoader.vcxproj", "{4B6A0654-5334-4368-B142-F947161B301F}"
EndProject
Project("{8BC9CEB8-8B4A-11D0-8D11-00A0C91BC942}") = "MeshCore", "MeshCore\MeshCore.vcxproj", "{27A4BBA3-8DA4-4E41-A872-ED4732A7F7BC}"
EndProject
Global
	GlobalSection(SolutionConfigurationPlatforms) = preSolution
		Debug|x64 = Debug|x64
		Debug|x86 = Debug|x86
		Release|x64 = Release|x64
		Release|x86 = Release|x86
	EndGlobalSection
	GlobalSection(ProjectConfigurationPlatforms) = postSolution
		{3C770D06-ACFB-46A0-918C-7331BF58E227}.Debug|x64.ActiveCfg = Debug|x64
		{3C770D06-ACFB-46A0-918C-7331BF58E227}.Debug|x64.Build.0 = Debug|x64
		{3C770D06-ACFB-46A0-918C-7331BF58E227}.Debug|x86.ActiveCfg = Debug|x64
		{3C770D06-ACFB-46A0-918C-7331BF58E227}.Release|x64.ActiveCfg = Release|x64
		{3C770D06-ACFB-46A0-918C-7331BF58E227}.Release|x64.Build.0 = Release|x64
		{3C770D06-ACFB-46A0-918C-7331BF58E227}.Release|x86.ActiveCfg = Release|x64
		{87421FCA-792F-47BA-998A-7A041A3079B8}.Debug|x64.ActiveCfg = Debug|x64
		{87421FCA-792F-47BA-998A-7A041A3079B8}.Debug|x64.Build.0 = Debug|x64
		{87421FCA-792F-47BA-998A-7A041A3079B8}.Debug|x86.ActiveCfg = Debug|x64
		{87421FCA-792F-47BA-998A-7A041A3079B8}.Release|x64.ActiveCfg = Release|x64
		{87421FCA-792F-47BA-998A-7A041A3079B8}.Release|x64.Build.0 = Release|x64
		{87421FCA-792F-47BA-998A-7A041A3079B8}.Release|x86.ActiveCfg = Release|x64
		{65B2B36F-A237-4404-9A85-08B0C69D8504}.Debug|x64.ActiveCfg = Debug|x64
		{65B2B36F-A237-4404-9A85-08B0C69D8504}.Debug|x64.Build.0 = Debug|x64
		{65B2B36F-A237-4404-9A85-08B0C69D8504}.Debug|x86.ActiveCfg = Debug|Win32
		{65B2B36F-A237-4404-9A85-08B0C69D8504}.Debug|x86.Build.0 = Debug|Win32
		{65B2B36F-A237-4404-9A85-08B0C69D8504}.Release|x64.ActiveCfg = Release|x64
		{65B2B36F-A237-4404-9A85-08B0C69D8504}.Release|x64.Build.0 = Release|x64
		{65B2B36F-A237-4404-9A85-08B0C69D8504}.Release|x86.ActiveCfg = Release|Win32
		{65B2B36F-A237-4404-9A85-08B0C69D8504}.Release|x86.Build.0 = Release|Win32
		{4B6A0654-5334-4368-B142-F947161B301F}.Debug|x64.ActiveCfg = Debug|x64
		{4B6A0654-5334-4368-B142-F947161B301F}.Debug|x64.Build.0 = Debug|x64
		{4B6A0654-5334-4368-B142-F947161B301F}.Debug|x86.ActiveCfg = Debug|Win32
		{4B6A0654-5334-4368-B142-F947161B301F}.Debug|x86.Build.0 = Debug|Win32
		{4B6A0654-5334-4368-B142-F947161B301F}.Release|x64.ActiveCfg = Release|x64
		{4B6A0654-5334-4368-B142-F947161B301F}.Release|x64.Build.0 = Release|x64
		{4B6A0654-5334-4368-B142-F947161B301F}.Release|x86.ActiveCfg = Release|Win32
		{4B6A0654-5334-4368-B142-F947161B301F}.Release|x86.Build.0 = Release|Win32
		{27A4BBA3-8DA4-4E41-A872-ED4732A7F7BC}.Debug|x64.ActiveCfg = Debug|x64
		{27A4BBA3-8DA4-4E41-A872-ED4732A7F7BC}.Debug|x64.Build.0 = Debug|x64
		{27A4BBA3-8DA4-4E41-A872-ED4732A7F7BC}.Debug|x86.ActiveCfg = Debug|Win32
		{27A4BBA3-8DA4-4E41-A872-ED4732A7F7BC}.Debug|x86.Build.0 = Debug|Win32
		{27A4BBA3-8DA4-4E41-A872-ED4732A7F7BC}.Release|x64.ActiveCfg = Release|x64
		{27A4BBA3-8DA4-4E41-A872-ED4732A7F7BC}.Release|x64.Build.0 = Release|x64
		{27A4BBA3-8DA4-4E41-A872-ED4732A7F7BC}.Release|x86.ActiveCfg = Release|Win32
		{27A4BBA3-8DA4-4E41-A872-ED4732A7F7BC}.Release|x86.Build.0 = Release|Win32
	EndGlobalSection
	GlobalSection(SolutionProperties) = preSolution
		HideSolutionNode = FALSE
	EndGlobalSection
	GlobalSection(ExtensibilityGlobals) = postSolution
		SolutionGuid = {5C2FB54D-18CA-446A-B4D2-9E487FD5C483}
	EndGlobalSection
EndGlobal
